
Microsoft Visual Studio Solution File, Format Version 12.00
# Visual Studio 15
VisualStudioVersion = 15.0.28307.168
MinimumVisualStudioVersion = 10.0.40219.1
Project("{FAE04EC0-301F-11D3-BF4B-00C04F79EFBC}") = "School.Data", "School.Data\School.Data.csproj", "{1443A44D-0584-4B2E-9BA0-DE60A8FE4E6E}"
EndProject
Project("{FAE04EC0-301F-11D3-BF4B-00C04F79EFBC}") = "School.Console", "School.Console\School.Console.csproj", "{133CAFF4-2DC1-4FFC-9CB3-FD3669FEB247}"
EndProject
Project("{FAE04EC0-301F-11D3-BF4B-00C04F79EFBC}") = "School.DTOs", "School.DTOs\School.DTOs.csproj", "{0EFDE30F-9A28-4C87-8395-D33D91FD4018}"
EndProject
Global
	GlobalSection(SolutionConfigurationPlatforms) = preSolution
		Debug|Any CPU = Debug|Any CPU
		Release|Any CPU = Release|Any CPU
	EndGlobalSection
	GlobalSection(ProjectConfigurationPlatforms) = postSolution
		{1443A44D-0584-4B2E-9BA0-DE60A8FE4E6E}.Debug|Any CPU.ActiveCfg = Debug|Any CPU
		{1443A44D-0584-4B2E-9BA0-DE60A8FE4E6E}.Debug|Any CPU.Build.0 = Debug|Any CPU
		{1443A44D-0584-4B2E-9BA0-DE60A8FE4E6E}.Release|Any CPU.ActiveCfg = Release|Any CPU
		{1443A44D-0584-4B2E-9BA0-DE60A8FE4E6E}.Release|Any CPU.Build.0 = Release|Any CPU
		{133CAFF4-2DC1-4FFC-9CB3-FD3669FEB247}.Debug|Any CPU.ActiveCfg = Debug|Any CPU
		{133CAFF4-2DC1-4FFC-9CB3-FD3669FEB247}.Debug|Any CPU.Build.0 = Debug|Any CPU
		{133CAFF4-2DC1-4FFC-9CB3-FD3669FEB247}.Release|Any CPU.ActiveCfg = Release|Any CPU
		{133CAFF4-2DC1-4FFC-9CB3-FD3669FEB247}.Release|Any CPU.Build.0 = Release|Any CPU
		{0EFDE30F-9A28-4C87-8395-D33D91FD4018}.Debug|Any CPU.ActiveCfg = Debug|Any CPU
		{0EFDE30F-9A28-4C87-8395-D33D91FD4018}.Debug|Any CPU.Build.0 = Debug|Any CPU
		{0EFDE30F-9A28-4C87-8395-D33D91FD4018}.Release|Any CPU.ActiveCfg = Release|Any CPU
		{0EFDE30F-9A28-4C87-8395-D33D91FD4018}.Release|Any CPU.Build.0 = Release|Any CPU
	EndGlobalSection
	GlobalSection(SolutionProperties) = preSolution
		HideSolutionNode = FALSE
	EndGlobalSection
	GlobalSection(ExtensibilityGlobals) = postSolution
		SolutionGuid = {6E57B4B2-6D0B-46DA-B5E3-25EDC68DA1AE}
	EndGlobalSection
EndGlobal
